
Microsoft Visual Studio Solution File, Format Version 12.00
# Visual Studio Version 17
VisualStudioVersion = 17.2.32616.157
MinimumVisualStudioVersion = 10.0.40219.1
Project("{FAE04EC0-301F-11D3-BF4B-00C04F79EFBC}") = "MainProyect", "Discos\MainProyect.csproj", "{20B4715D-0C2B-4473-B761-B06BA2CC874B}"
EndProject
Project("{FAE04EC0-301F-11D3-BF4B-00C04F79EFBC}") = "clasesDominio", "clasesDominio\clasesDominio.csproj", "{7C67E691-5BA0-4866-901B-3E0392FF0B99}"
EndProject
Project("{FAE04EC0-301F-11D3-BF4B-00C04F79EFBC}") = "ConexionDB", "ConexionDB\ConexionDB.csproj", "{5BC04562-4B84-4FE9-9B82-987E9CEF67FD}"
EndProject
Global
	GlobalSection(SolutionConfigurationPlatforms) = preSolution
		Debug|Any CPU = Debug|Any CPU
		Release|Any CPU = Release|Any CPU
	EndGlobalSection
	GlobalSection(ProjectConfigurationPlatforms) = postSolution
		{20B4715D-0C2B-4473-B761-B06BA2CC874B}.Debug|Any CPU.ActiveCfg = Debug|Any CPU
		{20B4715D-0C2B-4473-B761-B06BA2CC874B}.Debug|Any CPU.Build.0 = Debug|Any CPU
		{20B4715D-0C2B-4473-B761-B06BA2CC874B}.Release|Any CPU.ActiveCfg = Release|Any CPU
		{20B4715D-0C2B-4473-B761-B06BA2CC874B}.Release|Any CPU.Build.0 = Release|Any CPU
		{7C67E691-5BA0-4866-901B-3E0392FF0B99}.Debug|Any CPU.ActiveCfg = Debug|Any CPU
		{7C67E691-5BA0-4866-901B-3E0392FF0B99}.Debug|Any CPU.Build.0 = Debug|Any CPU
		{7C67E691-5BA0-4866-901B-3E0392FF0B99}.Release|Any CPU.ActiveCfg = Release|Any CPU
		{7C67E691-5BA0-4866-901B-3E0392FF0B99}.Release|Any CPU.Build.0 = Release|Any CPU
		{5BC04562-4B84-4FE9-9B82-987E9CEF67FD}.Debug|Any CPU.ActiveCfg = Debug|Any CPU
		{5BC04562-4B84-4FE9-9B82-987E9CEF67FD}.Debug|Any CPU.Build.0 = Debug|Any CPU
		{5BC04562-4B84-4FE9-9B82-987E9CEF67FD}.Release|Any CPU.ActiveCfg = Release|Any CPU
		{5BC04562-4B84-4FE9-9B82-987E9CEF67FD}.Release|Any CPU.Build.0 = Release|Any CPU
	EndGlobalSection
	GlobalSection(SolutionProperties) = preSolution
		HideSolutionNode = FALSE
	EndGlobalSection
	GlobalSection(ExtensibilityGlobals) = postSolution
		SolutionGuid = {50B690E3-2BE3-4A8C-B207-ACF83BB6945F}
	EndGlobalSection
EndGlobal
